# This file is automatically @generated by Cargo.
# It is not intended for manual editing.
version = 4

[[package]]
name = "libc"
version = "0.2.186"
source = "registry+https://github.com/rust-lang/crates.io-index"
checksum = "68ab91017fe16c622486840e4c83c9a37afeff978bd239b5293d61ece587de66"

[[package]]
name = "memmap2"
version = "0.9.10"
source = "registry+https://github.com/rust-lang/crates.io-index"
checksum = "714098028fe011992e1c3962653c96b2d578c4b4bce9036e15ff220319b1e0e3"
dependencies = [
 "libc",
]

[[package]]
name = "xchannel"
version = "4.0.0"
source = "registry+https://github.com/rust-lang/crates.io-index"
checksum = "6af2f3190c3fde804087b298fbde39faeca76ab805126f5e7d75d0673b47a2a6"
dependencies = [
 "libc",
 "memmap2",
]

[[package]]
name = "xchannel-net"
version = "0.0.1"
dependencies = [
 "xchannel",
 "xchannel-net-client",
 "xchannel-net-core",
]

[[package]]
name = "xchannel-net-client"
version = "0.0.1"
dependencies = [
 "xchannel",
 "xchannel-net-core",
]

[[package]]
name = "xchannel-net-core"
version = "0.0.1"
dependencies = [
 "xchannel",
]
